
Microsoft Visual Studio Solution File, Format Version 12.00
# Visual Studio 15
VisualStudioVersion = 15.0.26228.9
MinimumVisualStudioVersion = 10.0.40219.1
Project("{2150E333-8FDC-42A3-9474-1A3956D46DE8}") = "GitHubCollector", "GitHubCollector", "{636CA381-C0FA-4D7F-97A0-18FCCF898F82}"
EndProject
Project("{2150E333-8FDC-42A3-9474-1A3956D46DE8}") = "MyBudget", "MyBudget", "{E048ED2F-9298-46BD-871A-759040C8045D}"
EndProject
Project("{FAE04EC0-301F-11D3-BF4B-00C04F79EFBC}") = "GitHubCollector", "MyProjects\GitHubCollectors\GitHubCollector\GitHubCollector\GitHubCollector\GitHubCollector.csproj", "{47CA8B03-0185-4204-9086-9D26A6C1AA69}"
EndProject
Project("{FAE04EC0-301F-11D3-BF4B-00C04F79EFBC}") = "GitHubCollectorView", "MyProjects\GitHubCollectors\GitHubCollectorView\GitHubCollectorView\GitHubCollectorView\GitHubCollectorView.csproj", "{3185127B-3461-4655-B4AF-C7A61B03C2F1}"
EndProject
Project("{FAE04EC0-301F-11D3-BF4B-00C04F79EFBC}") = "MyBudget.WebSite", "MyProjects\MyBudget\MyBudget\MyBudget.WebSite.csproj", "{CE3BF511-84D3-444C-95AB-58DD7FB378F8}"
EndProject
Project("{FAE04EC0-301F-11D3-BF4B-00C04F79EFBC}") = "MyBudget.Common", "MyProjects\MyBudget\MyBudget.Common\MyBudget.Common.csproj", "{9B7C0703-69AD-4E06-9FC9-84101EB39C9C}"
EndProject
Project("{FAE04EC0-301F-11D3-BF4B-00C04F79EFBC}") = "MyBudget.Core", "MyProjects\MyBudget\MyBudget.Core\MyBudget.Core.csproj", "{95CEAAAE-02A5-46E2-9F56-2E0E77D582D7}"
EndProject
Project("{FAE04EC0-301F-11D3-BF4B-00C04F79EFBC}") = "MyBudget.DataOperation", "MyProjects\MyBudget\MyBudget.DataOperation\MyBudget.DataOperation.csproj", "{AAF4D2CC-7B1F-4E5C-A1F1-D94245DF68CE}"
EndProject
Project("{2150E333-8FDC-42A3-9474-1A3956D46DE8}") = "WeatherApp", "WeatherApp", "{56B1017E-0A3A-404E-AE2E-7A4C79716157}"
EndProject
Project("{FAE04EC0-301F-11D3-BF4B-00C04F79EFBC}") = "WeatherWCF", "MyProjects\WeatherApi\WeatherService\WeatherWCF\WeatherWCF.csproj", "{FFB7BA90-220F-41CA-97F7-EC91D90D3AC7}"
EndProject
Project("{FAE04EC0-301F-11D3-BF4B-00C04F79EFBC}") = "WeatherProxy", "MyProjects\WeatherApi\WeatherService\WeatherProxy\WeatherProxy.csproj", "{C7D88792-25E6-43FC-8A46-411DD19DA31D}"
EndProject
Project("{FAE04EC0-301F-11D3-BF4B-00C04F79EFBC}") = "WeatherDatabase", "MyProjects\WeatherApi\WeatherService\WeatherDatabase\WeatherDatabase.csproj", "{730B54D2-449F-4CDD-959A-F60D9D26B92A}"
EndProject
Project("{FAE04EC0-301F-11D3-BF4B-00C04F79EFBC}") = "WCFHost", "MyProjects\WeatherApi\WeatherService\WCFHost\WCFHost.csproj", "{E108A839-C372-47D1-BDA1-2E75BCDD430B}"
EndProject
Project("{FAE04EC0-301F-11D3-BF4B-00C04F79EFBC}") = "TestClient", "MyProjects\WeatherApi\WeatherService\Test\TestClient.csproj", "{343DAA29-EE56-4C33-92B5-BD64FAB9F841}"
EndProject
Project("{2150E333-8FDC-42A3-9474-1A3956D46DE8}") = "InApi", "InApi", "{AEFAFE90-7086-4092-B4C1-6544080F55C4}"
EndProject
Project("{FAE04EC0-301F-11D3-BF4B-00C04F79EFBC}") = "INApi", "MyProjects\InApi\INApi\INApi\INApi.csproj", "{A7FED10F-B9B2-44B7-8E73-493A8D0E2B1C}"
EndProject
Project("{FAE04EC0-301F-11D3-BF4B-00C04F79EFBC}") = "INApiTest", "MyProjects\InApi\INApi\INApiTest\INApiTest.csproj", "{E5F2B5AC-D4BA-4D65-BB46-1B54A90AC5DD}"
EndProject
Project("{FAE04EC0-301F-11D3-BF4B-00C04F79EFBC}") = "INCommon", "MyProjects\InApi\INApi\INCommon\INCommon.csproj", "{2D166FF6-A8F1-4DE9-80A5-6CEEC24DC107}"
EndProject
Project("{FAE04EC0-301F-11D3-BF4B-00C04F79EFBC}") = "INDatabase", "MyProjects\InApi\INApi\INDatabase\INDatabase.csproj", "{E8892C13-6E9F-40F6-8A4E-207A6060CDC3}"
EndProject
Project("{FAE04EC0-301F-11D3-BF4B-00C04F79EFBC}") = "INWeb", "MyProjects\InApi\INApi\INWeb\INWeb.csproj", "{F20A8918-8F48-48C1-A5A0-DF1045D6AAC5}"
EndProject
Global
	GlobalSection(SolutionConfigurationPlatforms) = preSolution
		Debug|Any CPU = Debug|Any CPU
		Release|Any CPU = Release|Any CPU
	EndGlobalSection
	GlobalSection(ProjectConfigurationPlatforms) = postSolution
		{47CA8B03-0185-4204-9086-9D26A6C1AA69}.Debug|Any CPU.ActiveCfg = Debug|Any CPU
		{47CA8B03-0185-4204-9086-9D26A6C1AA69}.Debug|Any CPU.Build.0 = Debug|Any CPU
		{47CA8B03-0185-4204-9086-9D26A6C1AA69}.Release|Any CPU.ActiveCfg = Release|Any CPU
		{47CA8B03-0185-4204-9086-9D26A6C1AA69}.Release|Any CPU.Build.0 = Release|Any CPU
		{3185127B-3461-4655-B4AF-C7A61B03C2F1}.Debug|Any CPU.ActiveCfg = Debug|Any CPU
		{3185127B-3461-4655-B4AF-C7A61B03C2F1}.Debug|Any CPU.Build.0 = Debug|Any CPU
		{3185127B-3461-4655-B4AF-C7A61B03C2F1}.Release|Any CPU.ActiveCfg = Release|Any CPU
		{3185127B-3461-4655-B4AF-C7A61B03C2F1}.Release|Any CPU.Build.0 = Release|Any CPU
		{CE3BF511-84D3-444C-95AB-58DD7FB378F8}.Debug|Any CPU.ActiveCfg = Debug|Any CPU
		{CE3BF511-84D3-444C-95AB-58DD7FB378F8}.Debug|Any CPU.Build.0 = Debug|Any CPU
		{CE3BF511-84D3-444C-95AB-58DD7FB378F8}.Release|Any CPU.ActiveCfg = Release|Any CPU
		{CE3BF511-84D3-444C-95AB-58DD7FB378F8}.Release|Any CPU.Build.0 = Release|Any CPU
		{9B7C0703-69AD-4E06-9FC9-84101EB39C9C}.Debug|Any CPU.ActiveCfg = Debug|Any CPU
		{9B7C0703-69AD-4E06-9FC9-84101EB39C9C}.Debug|Any CPU.Build.0 = Debug|Any CPU
		{9B7C0703-69AD-4E06-9FC9-84101EB39C9C}.Release|Any CPU.ActiveCfg = Release|Any CPU
		{9B7C0703-69AD-4E06-9FC9-84101EB39C9C}.Release|Any CPU.Build.0 = Release|Any CPU
		{95CEAAAE-02A5-46E2-9F56-2E0E77D582D7}.Debug|Any CPU.ActiveCfg = Debug|Any CPU
		{95CEAAAE-02A5-46E2-9F56-2E0E77D582D7}.Debug|Any CPU.Build.0 = Debug|Any CPU
		{95CEAAAE-02A5-46E2-9F56-2E0E77D582D7}.Release|Any CPU.ActiveCfg = Release|Any CPU
		{95CEAAAE-02A5-46E2-9F56-2E0E77D582D7}.Release|Any CPU.Build.0 = Release|Any CPU
		{AAF4D2CC-7B1F-4E5C-A1F1-D94245DF68CE}.Debug|Any CPU.ActiveCfg = Debug|Any CPU
		{AAF4D2CC-7B1F-4E5C-A1F1-D94245DF68CE}.Debug|Any CPU.Build.0 = Debug|Any CPU
		{AAF4D2CC-7B1F-4E5C-A1F1-D94245DF68CE}.Release|Any CPU.ActiveCfg = Release|Any CPU
		{AAF4D2CC-7B1F-4E5C-A1F1-D94245DF68CE}.Release|Any CPU.Build.0 = Release|Any CPU
		{FFB7BA90-220F-41CA-97F7-EC91D90D3AC7}.Debug|Any CPU.ActiveCfg = Debug|Any CPU
		{FFB7BA90-220F-41CA-97F7-EC91D90D3AC7}.Debug|Any CPU.Build.0 = Debug|Any CPU
		{FFB7BA90-220F-41CA-97F7-EC91D90D3AC7}.Release|Any CPU.ActiveCfg = Release|Any CPU
		{FFB7BA90-220F-41CA-97F7-EC91D90D3AC7}.Release|Any CPU.Build.0 = Release|Any CPU
		{C7D88792-25E6-43FC-8A46-411DD19DA31D}.Debug|Any CPU.ActiveCfg = Debug|Any CPU
		{C7D88792-25E6-43FC-8A46-411DD19DA31D}.Debug|Any CPU.Build.0 = Debug|Any CPU
		{C7D88792-25E6-43FC-8A46-411DD19DA31D}.Release|Any CPU.ActiveCfg = Release|Any CPU
		{C7D88792-25E6-43FC-8A46-411DD19DA31D}.Release|Any CPU.Build.0 = Release|Any CPU
		{730B54D2-449F-4CDD-959A-F60D9D26B92A}.Debug|Any CPU.ActiveCfg = Debug|Any CPU
		{730B54D2-449F-4CDD-959A-F60D9D26B92A}.Debug|Any CPU.Build.0 = Debug|Any CPU
		{730B54D2-449F-4CDD-959A-F60D9D26B92A}.Release|Any CPU.ActiveCfg = Release|Any CPU
		{730B54D2-449F-4CDD-959A-F60D9D26B92A}.Release|Any CPU.Build.0 = Release|Any CPU
		{E108A839-C372-47D1-BDA1-2E75BCDD430B}.Debug|Any CPU.ActiveCfg = Debug|Any CPU
		{E108A839-C372-47D1-BDA1-2E75BCDD430B}.Debug|Any CPU.Build.0 = Debug|Any CPU
		{E108A839-C372-47D1-BDA1-2E75BCDD430B}.Release|Any CPU.ActiveCfg = Release|Any CPU
		{E108A839-C372-47D1-BDA1-2E75BCDD430B}.Release|Any CPU.Build.0 = Release|Any CPU
		{343DAA29-EE56-4C33-92B5-BD64FAB9F841}.Debug|Any CPU.ActiveCfg = Debug|Any CPU
		{343DAA29-EE56-4C33-92B5-BD64FAB9F841}.Debug|Any CPU.Build.0 = Debug|Any CPU
		{343DAA29-EE56-4C33-92B5-BD64FAB9F841}.Release|Any CPU.ActiveCfg = Release|Any CPU
		{343DAA29-EE56-4C33-92B5-BD64FAB9F841}.Release|Any CPU.Build.0 = Release|Any CPU
		{A7FED10F-B9B2-44B7-8E73-493A8D0E2B1C}.Debug|Any CPU.ActiveCfg = Debug|Any CPU
		{A7FED10F-B9B2-44B7-8E73-493A8D0E2B1C}.Debug|Any CPU.Build.0 = Debug|Any CPU
		{A7FED10F-B9B2-44B7-8E73-493A8D0E2B1C}.Release|Any CPU.ActiveCfg = Release|Any CPU
		{A7FED10F-B9B2-44B7-8E73-493A8D0E2B1C}.Release|Any CPU.Build.0 = Release|Any CPU
		{E5F2B5AC-D4BA-4D65-BB46-1B54A90AC5DD}.Debug|Any CPU.ActiveCfg = Debug|Any CPU
		{E5F2B5AC-D4BA-4D65-BB46-1B54A90AC5DD}.Debug|Any CPU.Build.0 = Debug|Any CPU
		{E5F2B5AC-D4BA-4D65-BB46-1B54A90AC5DD}.Release|Any CPU.ActiveCfg = Release|Any CPU
		{E5F2B5AC-D4BA-4D65-BB46-1B54A90AC5DD}.Release|Any CPU.Build.0 = Release|Any CPU
		{2D166FF6-A8F1-4DE9-80A5-6CEEC24DC107}.Debug|Any CPU.ActiveCfg = Debug|Any CPU
		{2D166FF6-A8F1-4DE9-80A5-6CEEC24DC107}.Debug|Any CPU.Build.0 = Debug|Any CPU
		{2D166FF6-A8F1-4DE9-80A5-6CEEC24DC107}.Release|Any CPU.ActiveCfg = Release|Any CPU
		{2D166FF6-A8F1-4DE9-80A5-6CEEC24DC107}.Release|Any CPU.Build.0 = Release|Any CPU
		{E8892C13-6E9F-40F6-8A4E-207A6060CDC3}.Debug|Any CPU.ActiveCfg = Debug|Any CPU
		{E8892C13-6E9F-40F6-8A4E-207A6060CDC3}.Debug|Any CPU.Build.0 = Debug|Any CPU
		{E8892C13-6E9F-40F6-8A4E-207A6060CDC3}.Release|Any CPU.ActiveCfg = Release|Any CPU
		{E8892C13-6E9F-40F6-8A4E-207A6060CDC3}.Release|Any CPU.Build.0 = Release|Any CPU
		{F20A8918-8F48-48C1-A5A0-DF1045D6AAC5}.Debug|Any CPU.ActiveCfg = Debug|Any CPU
		{F20A8918-8F48-48C1-A5A0-DF1045D6AAC5}.Debug|Any CPU.Build.0 = Debug|Any CPU
		{F20A8918-8F48-48C1-A5A0-DF1045D6AAC5}.Release|Any CPU.ActiveCfg = Release|Any CPU
		{F20A8918-8F48-48C1-A5A0-DF1045D6AAC5}.Release|Any CPU.Build.0 = Release|Any CPU
	EndGlobalSection
	GlobalSection(SolutionProperties) = preSolution
		HideSolutionNode = FALSE
	EndGlobalSection
	GlobalSection(NestedProjects) = preSolution
		{47CA8B03-0185-4204-9086-9D26A6C1AA69} = {636CA381-C0FA-4D7F-97A0-18FCCF898F82}
		{3185127B-3461-4655-B4AF-C7A61B03C2F1} = {636CA381-C0FA-4D7F-97A0-18FCCF898F82}
		{CE3BF511-84D3-444C-95AB-58DD7FB378F8} = {E048ED2F-9298-46BD-871A-759040C8045D}
		{9B7C0703-69AD-4E06-9FC9-84101EB39C9C} = {E048ED2F-9298-46BD-871A-759040C8045D}
		{95CEAAAE-02A5-46E2-9F56-2E0E77D582D7} = {E048ED2F-9298-46BD-871A-759040C8045D}
		{AAF4D2CC-7B1F-4E5C-A1F1-D94245DF68CE} = {E048ED2F-9298-46BD-871A-759040C8045D}
		{FFB7BA90-220F-41CA-97F7-EC91D90D3AC7} = {56B1017E-0A3A-404E-AE2E-7A4C79716157}
		{C7D88792-25E6-43FC-8A46-411DD19DA31D} = {56B1017E-0A3A-404E-AE2E-7A4C79716157}
		{730B54D2-449F-4CDD-959A-F60D9D26B92A} = {56B1017E-0A3A-404E-AE2E-7A4C79716157}
		{E108A839-C372-47D1-BDA1-2E75BCDD430B} = {56B1017E-0A3A-404E-AE2E-7A4C79716157}
		{343DAA29-EE56-4C33-92B5-BD64FAB9F841} = {56B1017E-0A3A-404E-AE2E-7A4C79716157}
		{A7FED10F-B9B2-44B7-8E73-493A8D0E2B1C} = {AEFAFE90-7086-4092-B4C1-6544080F55C4}
		{E5F2B5AC-D4BA-4D65-BB46-1B54A90AC5DD} = {AEFAFE90-7086-4092-B4C1-6544080F55C4}
		{2D166FF6-A8F1-4DE9-80A5-6CEEC24DC107} = {AEFAFE90-7086-4092-B4C1-6544080F55C4}
		{E8892C13-6E9F-40F6-8A4E-207A6060CDC3} = {AEFAFE90-7086-4092-B4C1-6544080F55C4}
		{F20A8918-8F48-48C1-A5A0-DF1045D6AAC5} = {AEFAFE90-7086-4092-B4C1-6544080F55C4}
	EndGlobalSection
EndGlobal
