
Microsoft Visual Studio Solution File, Format Version 12.00
# Visual Studio 14
VisualStudioVersion = 14.0.23107.0
MinimumVisualStudioVersion = 10.0.40219.1
Project("{FAE04EC0-301F-11D3-BF4B-00C04F79EFBC}") = "GitHubCollectorView", "GitHubCollectorView\GitHubCollectorView.csproj", "{3185127B-3461-4655-B4AF-C7A61B03C2F1}"
EndProject
Project("{FAE04EC0-301F-11D3-BF4B-00C04F79EFBC}") = "GitHubCollector", "..\..\GitHubCollector\GitHubCollector\GitHubCollector\GitHubCollector.csproj", "{47CA8B03-0185-4204-9086-9D26A6C1AA69}"
EndProject
Project("{2150E333-8FDC-42A3-9474-1A3956D46DE8}") = "MyBudget", "MyBudget", "{3DC268CF-176D-4448-95AA-AEADB3B40D9D}"
EndProject
Project("{2150E333-8FDC-42A3-9474-1A3956D46DE8}") = "GitHubCollector", "GitHubCollector", "{64E67646-AF30-43DD-85E9-C72D052C5E08}"
EndProject
Global
	GlobalSection(SolutionConfigurationPlatforms) = preSolution
		Debug|Any CPU = Debug|Any CPU
		Release|Any CPU = Release|Any CPU
	EndGlobalSection
	GlobalSection(ProjectConfigurationPlatforms) = postSolution
		{3185127B-3461-4655-B4AF-C7A61B03C2F1}.Debug|Any CPU.ActiveCfg = Debug|Any CPU
		{3185127B-3461-4655-B4AF-C7A61B03C2F1}.Debug|Any CPU.Build.0 = Debug|Any CPU
		{3185127B-3461-4655-B4AF-C7A61B03C2F1}.Release|Any CPU.ActiveCfg = Release|Any CPU
		{3185127B-3461-4655-B4AF-C7A61B03C2F1}.Release|Any CPU.Build.0 = Release|Any CPU
		{47CA8B03-0185-4204-9086-9D26A6C1AA69}.Debug|Any CPU.ActiveCfg = Debug|Any CPU
		{47CA8B03-0185-4204-9086-9D26A6C1AA69}.Debug|Any CPU.Build.0 = Debug|Any CPU
		{47CA8B03-0185-4204-9086-9D26A6C1AA69}.Release|Any CPU.ActiveCfg = Release|Any CPU
		{47CA8B03-0185-4204-9086-9D26A6C1AA69}.Release|Any CPU.Build.0 = Release|Any CPU
	EndGlobalSection
	GlobalSection(SolutionProperties) = preSolution
		HideSolutionNode = FALSE
	EndGlobalSection
	GlobalSection(NestedProjects) = preSolution
		{3185127B-3461-4655-B4AF-C7A61B03C2F1} = {64E67646-AF30-43DD-85E9-C72D052C5E08}
		{47CA8B03-0185-4204-9086-9D26A6C1AA69} = {64E67646-AF30-43DD-85E9-C72D052C5E08}
	EndGlobalSection
EndGlobal
